
Microsoft Visual Studio Solution File, Format Version 12.00
# Visual Studio 15
Project("{FAE04EC0-301F-11D3-BF4B-00C04F79EFBC}") = "Assembly-CSharp-firstpass", "Assembly-CSharp-firstpass.csproj", "{B6CDC391-5A74-C60F-3DF2-02CB53A59EA0}"
EndProject
Project("{FAE04EC0-301F-11D3-BF4B-00C04F79EFBC}") = "Assembly-CSharp", "Assembly-CSharp.csproj", "{1863206B-D0D2-67A1-49CE-F76BB2DF0936}"
EndProject
Project("{FAE04EC0-301F-11D3-BF4B-00C04F79EFBC}") = "Assembly-CSharp-Editor-firstpass", "Assembly-CSharp-Editor-firstpass.csproj", "{325FA8D8-E4AF-3025-409D-ECF88D977469}"
EndProject
Project("{FAE04EC0-301F-11D3-BF4B-00C04F79EFBC}") = "Assembly-CSharp-Editor", "Assembly-CSharp-Editor.csproj", "{14B79593-DD25-DB48-62EE-D45F085C758C}"
EndProject
Global
	GlobalSection(SolutionConfigurationPlatforms) = preSolution
		Debug|Any CPU = Debug|Any CPU
		Release|Any CPU = Release|Any CPU
	EndGlobalSection
	GlobalSection(ProjectConfigurationPlatforms) = postSolution
		{B6CDC391-5A74-C60F-3DF2-02CB53A59EA0}.Debug|Any CPU.ActiveCfg = Debug|Any CPU
		{B6CDC391-5A74-C60F-3DF2-02CB53A59EA0}.Debug|Any CPU.Build.0 = Debug|Any CPU
		{B6CDC391-5A74-C60F-3DF2-02CB53A59EA0}.Release|Any CPU.ActiveCfg = Release|Any CPU
		{B6CDC391-5A74-C60F-3DF2-02CB53A59EA0}.Release|Any CPU.Build.0 = Release|Any CPU
		{1863206B-D0D2-67A1-49CE-F76BB2DF0936}.Debug|Any CPU.ActiveCfg = Debug|Any CPU
		{1863206B-D0D2-67A1-49CE-F76BB2DF0936}.Debug|Any CPU.Build.0 = Debug|Any CPU
		{1863206B-D0D2-67A1-49CE-F76BB2DF0936}.Release|Any CPU.ActiveCfg = Release|Any CPU
		{1863206B-D0D2-67A1-49CE-F76BB2DF0936}.Release|Any CPU.Build.0 = Release|Any CPU
		{325FA8D8-E4AF-3025-409D-ECF88D977469}.Debug|Any CPU.ActiveCfg = Debug|Any CPU
		{325FA8D8-E4AF-3025-409D-ECF88D977469}.Debug|Any CPU.Build.0 = Debug|Any CPU
		{325FA8D8-E4AF-3025-409D-ECF88D977469}.Release|Any CPU.ActiveCfg = Release|Any CPU
		{325FA8D8-E4AF-3025-409D-ECF88D977469}.Release|Any CPU.Build.0 = Release|Any CPU
		{14B79593-DD25-DB48-62EE-D45F085C758C}.Debug|Any CPU.ActiveCfg = Debug|Any CPU
		{14B79593-DD25-DB48-62EE-D45F085C758C}.Debug|Any CPU.Build.0 = Debug|Any CPU
		{14B79593-DD25-DB48-62EE-D45F085C758C}.Release|Any CPU.ActiveCfg = Release|Any CPU
		{14B79593-DD25-DB48-62EE-D45F085C758C}.Release|Any CPU.Build.0 = Release|Any CPU
	EndGlobalSection
	GlobalSection(SolutionProperties) = preSolution
		HideSolutionNode = FALSE
	EndGlobalSection
EndGlobal
